# This file is automatically @generated by Cargo.
# It is not intended for manual editing.
[[package]]
name = "autocfg"
version = "1.0.0"
source = "registry+https://github.com/rust-lang/crates.io-index"
checksum = "f8aac770f1885fd7e387acedd76065302551364496e46b3dd00860b2f8359b9d"

[[package]]
name = "maybe-uninit"
version = "2.0.0"
source = "registry+https://github.com/rust-lang/crates.io-index"
checksum = "60302e4db3a61da70c0cb7991976248362f30319e88850c487b9b95bbf059e00"

[[package]]
name = "num-traits"
version = "0.2.12"
source = "registry+https://github.com/rust-lang/crates.io-index"
checksum = "ac267bcc07f48ee5f8935ab0d24f316fb722d7a1292e2913f0cc196b29ffd611"
dependencies = [
 "autocfg",
]

[[package]]
name = "ordered-float"
version = "2.0.0"
source = "registry+https://github.com/rust-lang/crates.io-index"
checksum = "9fe9037165d7023b1228bc4ae9a2fa1a2b0095eca6c2998c624723dfd01314a5"
dependencies = [
 "num-traits",
]

[[package]]
name = "peek-nth"
version = "0.2.0"
source = "registry+https://github.com/rust-lang/crates.io-index"
checksum = "fb7a9ed6377ba979ee205df10c62755c97594d0aae99a34ea0b7c02766de1fed"
dependencies = [
 "smallvec",
]

[[package]]
name = "smallvec"
version = "0.6.13"
source = "registry+https://github.com/rust-lang/crates.io-index"
checksum = "f7b0758c52e15a8b5e3691eae6cc559f08eee9406e548a4477ba4e67770a82b6"
dependencies = [
 "maybe-uninit",
]

[[package]]
name = "wenyan-to-rust"
version = "0.1.0"
dependencies = [
 "ordered-float",
 "peek-nth",
]
